// !$*UTF8*$!
{
	archiveVersion = 1;
	classes = {
	};
	objectVersion = 50;
	objects = {

/* Begin PBXBuildFile section */
		F3BF3F2D25FFFA9B00823107 /* SystemMonitorStats.framework in Frameworks */ = {isa = PBXBuildFile; fileRef = F3BF3F2325FFFA9A00823107 /* SystemMonitorStats.framework */; };
		F3BF3F3225FFFA9B00823107 /* SystemMonitorStatsTests.swift in Sources */ = {isa = PBXBuildFile; fileRef = F3BF3F3125FFFA9B00823107 /* SystemMonitorStatsTests.swift */; };
		F3BF3F3425FFFA9B00823107 /* SystemMonitorStats.h in Headers */ = {isa = PBXBuildFile; fileRef = F3BF3F2625FFFA9A00823107 /* SystemMonitorStats.h */; settings = {ATTRIBUTES = (Public, ); }; };
		F3BF3F4625FFFB1A00823107 /* AppDelegate.swift in Sources */ = {isa = PBXBuildFile; fileRef = F3BF3F4525FFFB1A00823107 /* AppDelegate.swift */; };
		F3BF3F4825FFFB1A00823107 /* ViewController.swift in Sources */ = {isa = PBXBuildFile; fileRef = F3BF3F4725FFFB1A00823107 /* ViewController.swift */; };
		F3BF3F4A25FFFB1C00823107 /* Assets.xcassets in Resources */ = {isa = PBXBuildFile; fileRef = F3BF3F4925FFFB1C00823107 /* Assets.xcassets */; };
		F3BF3F4D25FFFB1C00823107 /* Main.storyboard in Resources */ = {isa = PBXBuildFile; fileRef = F3BF3F4B25FFFB1C00823107 /* Main.storyboard */; };
		F3BF3F5925FFFB1D00823107 /* SystemMonitorStatsExamplesTests.swift in Sources */ = {isa = PBXBuildFile; fileRef = F3BF3F5825FFFB1D00823107 /* SystemMonitorStatsExamplesTests.swift */; };
		F3BF3F6425FFFB1D00823107 /* SystemMonitorStatsExamplesUITests.swift in Sources */ = {isa = PBXBuildFile; fileRef = F3BF3F6325FFFB1D00823107 /* SystemMonitorStatsExamplesUITests.swift */; };
		F3BF3F7525FFFD8200823107 /* SystemMonitorStats.swift in Sources */ = {isa = PBXBuildFile; fileRef = F3BF3F7425FFFD8200823107 /* SystemMonitorStats.swift */; };
		F3BF3F8725FFFDAF00823107 /* SensorsModel.swift in Sources */ = {isa = PBXBuildFile; fileRef = F3BF3F7D25FFFDAF00823107 /* SensorsModel.swift */; };
		F3BF3F8825FFFDAF00823107 /* SensorsStats.swift in Sources */ = {isa = PBXBuildFile; fileRef = F3BF3F7E25FFFDAF00823107 /* SensorsStats.swift */; };
		F3BF3F8925FFFDAF00823107 /* NetworkStats.swift in Sources */ = {isa = PBXBuildFile; fileRef = F3BF3F7F25FFFDAF00823107 /* NetworkStats.swift */; };
		F3BF3F8A25FFFDAF00823107 /* CPUStats.swift in Sources */ = {isa = PBXBuildFile; fileRef = F3BF3F8025FFFDAF00823107 /* CPUStats.swift */; };
		F3BF3F8B25FFFDAF00823107 /* BatteryStats.swift in Sources */ = {isa = PBXBuildFile; fileRef = F3BF3F8125FFFDAF00823107 /* BatteryStats.swift */; };
		F3BF3F8C25FFFDAF00823107 /* GPUStats.swift in Sources */ = {isa = PBXBuildFile; fileRef = F3BF3F8225FFFDAF00823107 /* GPUStats.swift */; };
		F3BF3F8D25FFFDAF00823107 /* FansStats.swift in Sources */ = {isa = PBXBuildFile; fileRef = F3BF3F8425FFFDAF00823107 /* FansStats.swift */; };
		F3BF3F8E25FFFDAF00823107 /* Fan.swift in Sources */ = {isa = PBXBuildFile; fileRef = F3BF3F8525FFFDAF00823107 /* Fan.swift */; };
		F3BF3F8F25FFFDAF00823107 /* RAMStats.swift in Sources */ = {isa = PBXBuildFile; fileRef = F3BF3F8625FFFDAF00823107 /* RAMStats.swift */; };
		F3BF3F9B25FFFDE600823107 /* Extensions.swift in Sources */ = {isa = PBXBuildFile; fileRef = F3BF3F9625FFFDE600823107 /* Extensions.swift */; };
		F3BF3F9C25FFFDE600823107 /* ReaderFactory.swift in Sources */ = {isa = PBXBuildFile; fileRef = F3BF3F9725FFFDE600823107 /* ReaderFactory.swift */; };
		F3BF3F9D25FFFDE600823107 /* Helpres.swift in Sources */ = {isa = PBXBuildFile; fileRef = F3BF3F9825FFFDE600823107 /* Helpres.swift */; };
		F3BF3F9E25FFFDE600823107 /* Store.swift in Sources */ = {isa = PBXBuildFile; fileRef = F3BF3F9925FFFDE600823107 /* Store.swift */; };
		F3BF3F9F25FFFDE600823107 /* SMCDataType.swift in Sources */ = {isa = PBXBuildFile; fileRef = F3BF3F9A25FFFDE600823107 /* SMCDataType.swift */; };
/* End PBXBuildFile section */

/* Begin PBXContainerItemProxy section */
		F3BF3F2E25FFFA9B00823107 /* PBXContainerItemProxy */ = {
			isa = PBXContainerItemProxy;
			containerPortal = F3BF3F1A25FFFA9A00823107 /* Project object */;
			proxyType = 1;
			remoteGlobalIDString = F3BF3F2225FFFA9A00823107;
			remoteInfo = SystemMonitorStats;
		};
		F3BF3F5525FFFB1D00823107 /* PBXContainerItemProxy */ = {
			isa = PBXContainerItemProxy;
			containerPortal = F3BF3F1A25FFFA9A00823107 /* Project object */;
			proxyType = 1;
			remoteGlobalIDString = F3BF3F4225FFFB1A00823107;
			remoteInfo = SystemMonitorStatsExamples;
		};
		F3BF3F6025FFFB1D00823107 /* PBXContainerItemProxy */ = {
			isa = PBXContainerItemProxy;
			containerPortal = F3BF3F1A25FFFA9A00823107 /* Project object */;
			proxyType = 1;
			remoteGlobalIDString = F3BF3F4225FFFB1A00823107;
			remoteInfo = SystemMonitorStatsExamples;
		};
/* End PBXContainerItemProxy section */

/* Begin PBXFileReference section */
		F3BF3F2325FFFA9A00823107 /* SystemMonitorStats.framework */ = {isa = PBXFileReference; explicitFileType = wrapper.framework; includeInIndex = 0; path = SystemMonitorStats.framework; sourceTree = BUILT_PRODUCTS_DIR; };
		F3BF3F2625FFFA9A00823107 /* SystemMonitorStats.h */ = {isa = PBXFileReference; lastKnownFileType = sourcecode.c.h; path = SystemMonitorStats.h; sourceTree = "<group>"; };
		F3BF3F2725FFFA9A00823107 /* Info.plist */ = {isa = PBXFileReference; lastKnownFileType = text.plist.xml; path = Info.plist; sourceTree = "<group>"; };
		F3BF3F2C25FFFA9B00823107 /* SystemMonitorStatsTests.xctest */ = {isa = PBXFileReference; explicitFileType = wrapper.cfbundle; includeInIndex = 0; path = SystemMonitorStatsTests.xctest; sourceTree = BUILT_PRODUCTS_DIR; };
		F3BF3F3125FFFA9B00823107 /* SystemMonitorStatsTests.swift */ = {isa = PBXFileReference; lastKnownFileType = sourcecode.swift; path = SystemMonitorStatsTests.swift; sourceTree = "<group>"; };
		F3BF3F3325FFFA9B00823107 /* Info.plist */ = {isa = PBXFileReference; lastKnownFileType = text.plist.xml; path = Info.plist; sourceTree = "<group>"; };
		F3BF3F4325FFFB1A00823107 /* SystemMonitorStatsExamples.app */ = {isa = PBXFileReference; explicitFileType = wrapper.application; includeInIndex = 0; path = SystemMonitorStatsExamples.app; sourceTree = BUILT_PRODUCTS_DIR; };
		F3BF3F4525FFFB1A00823107 /* AppDelegate.swift */ = {isa = PBXFileReference; lastKnownFileType = sourcecode.swift; path = AppDelegate.swift; sourceTree = "<group>"; };
		F3BF3F4725FFFB1A00823107 /* ViewController.swift */ = {isa = PBXFileReference; lastKnownFileType = sourcecode.swift; path = ViewController.swift; sourceTree = "<group>"; };
		F3BF3F4925FFFB1C00823107 /* Assets.xcassets */ = {isa = PBXFileReference; lastKnownFileType = folder.assetcatalog; path = Assets.xcassets; sourceTree = "<group>"; };
		F3BF3F4C25FFFB1C00823107 /* Base */ = {isa = PBXFileReference; lastKnownFileType = file.storyboard; name = Base; path = Base.lproj/Main.storyboard; sourceTree = "<group>"; };
		F3BF3F4E25FFFB1C00823107 /* Info.plist */ = {isa = PBXFileReference; lastKnownFileType = text.plist.xml; path = Info.plist; sourceTree = "<group>"; };
		F3BF3F4F25FFFB1C00823107 /* SystemMonitorStatsExamples.entitlements */ = {isa = PBXFileReference; lastKnownFileType = text.plist.entitlements; path = SystemMonitorStatsExamples.entitlements; sourceTree = "<group>"; };
		F3BF3F5425FFFB1D00823107 /* SystemMonitorStatsExamplesTests.xctest */ = {isa = PBXFileReference; explicitFileType = wrapper.cfbundle; includeInIndex = 0; path = SystemMonitorStatsExamplesTests.xctest; sourceTree = BUILT_PRODUCTS_DIR; };
		F3BF3F5825FFFB1D00823107 /* SystemMonitorStatsExamplesTests.swift */ = {isa = PBXFileReference; lastKnownFileType = sourcecode.swift; path = SystemMonitorStatsExamplesTests.swift; sourceTree = "<group>"; };
		F3BF3F5A25FFFB1D00823107 /* Info.plist */ = {isa = PBXFileReference; lastKnownFileType = text.plist.xml; path = Info.plist; sourceTree = "<group>"; };
		F3BF3F5F25FFFB1D00823107 /* SystemMonitorStatsExamplesUITests.xctest */ = {isa = PBXFileReference; explicitFileType = wrapper.cfbundle; includeInIndex = 0; path = SystemMonitorStatsExamplesUITests.xctest; sourceTree = BUILT_PRODUCTS_DIR; };
		F3BF3F6325FFFB1D00823107 /* SystemMonitorStatsExamplesUITests.swift */ = {isa = PBXFileReference; lastKnownFileType = sourcecode.swift; path = SystemMonitorStatsExamplesUITests.swift; sourceTree = "<group>"; };
		F3BF3F6525FFFB1D00823107 /* Info.plist */ = {isa = PBXFileReference; lastKnownFileType = text.plist.xml; path = Info.plist; sourceTree = "<group>"; };
		F3BF3F7425FFFD8200823107 /* SystemMonitorStats.swift */ = {isa = PBXFileReference; lastKnownFileType = sourcecode.swift; path = SystemMonitorStats.swift; sourceTree = "<group>"; };
		F3BF3F7D25FFFDAF00823107 /* SensorsModel.swift */ = {isa = PBXFileReference; fileEncoding = 4; lastKnownFileType = sourcecode.swift; path = SensorsModel.swift; sourceTree = "<group>"; };
		F3BF3F7E25FFFDAF00823107 /* SensorsStats.swift */ = {isa = PBXFileReference; fileEncoding = 4; lastKnownFileType = sourcecode.swift; path = SensorsStats.swift; sourceTree = "<group>"; };
		F3BF3F7F25FFFDAF00823107 /* NetworkStats.swift */ = {isa = PBXFileReference; fileEncoding = 4; lastKnownFileType = sourcecode.swift; path = NetworkStats.swift; sourceTree = "<group>"; };
		F3BF3F8025FFFDAF00823107 /* CPUStats.swift */ = {isa = PBXFileReference; fileEncoding = 4; lastKnownFileType = sourcecode.swift; path = CPUStats.swift; sourceTree = "<group>"; };
		F3BF3F8125FFFDAF00823107 /* BatteryStats.swift */ = {isa = PBXFileReference; fileEncoding = 4; lastKnownFileType = sourcecode.swift; path = BatteryStats.swift; sourceTree = "<group>"; };
		F3BF3F8225FFFDAF00823107 /* GPUStats.swift */ = {isa = PBXFileReference; fileEncoding = 4; lastKnownFileType = sourcecode.swift; path = GPUStats.swift; sourceTree = "<group>"; };
		F3BF3F8425FFFDAF00823107 /* FansStats.swift */ = {isa = PBXFileReference; fileEncoding = 4; lastKnownFileType = sourcecode.swift; path = FansStats.swift; sourceTree = "<group>"; };
		F3BF3F8525FFFDAF00823107 /* Fan.swift */ = {isa = PBXFileReference; fileEncoding = 4; lastKnownFileType = sourcecode.swift; path = Fan.swift; sourceTree = "<group>"; };
		F3BF3F8625FFFDAF00823107 /* RAMStats.swift */ = {isa = PBXFileReference; fileEncoding = 4; lastKnownFileType = sourcecode.swift; path = RAMStats.swift; sourceTree = "<group>"; };
		F3BF3F9625FFFDE600823107 /* Extensions.swift */ = {isa = PBXFileReference; fileEncoding = 4; lastKnownFileType = sourcecode.swift; path = Extensions.swift; sourceTree = "<group>"; };
		F3BF3F9725FFFDE600823107 /* ReaderFactory.swift */ = {isa = PBXFileReference; fileEncoding = 4; lastKnownFileType = sourcecode.swift; path = ReaderFactory.swift; sourceTree = "<group>"; };
		F3BF3F9825FFFDE600823107 /* Helpres.swift */ = {isa = PBXFileReference; fileEncoding = 4; lastKnownFileType = sourcecode.swift; path = Helpres.swift; sourceTree = "<group>"; };
		F3BF3F9925FFFDE600823107 /* Store.swift */ = {isa = PBXFileReference; fileEncoding = 4; lastKnownFileType = sourcecode.swift; path = Store.swift; sourceTree = "<group>"; };
		F3BF3F9A25FFFDE600823107 /* SMCDataType.swift */ = {isa = PBXFileReference; fileEncoding = 4; lastKnownFileType = sourcecode.swift; path = SMCDataType.swift; sourceTree = "<group>"; };
/* End PBXFileReference section */

/* Begin PBXFrameworksBuildPhase section */
		F3BF3F2025FFFA9A00823107 /* Frameworks */ = {
			isa = PBXFrameworksBuildPhase;
			buildActionMask = 2147483647;
			files = (
			);
			runOnlyForDeploymentPostprocessing = 0;
		};
		F3BF3F2925FFFA9B00823107 /* Frameworks */ = {
			isa = PBXFrameworksBuildPhase;
			buildActionMask = 2147483647;
			files = (
				F3BF3F2D25FFFA9B00823107 /* SystemMonitorStats.framework in Frameworks */,
			);
			runOnlyForDeploymentPostprocessing = 0;
		};
		F3BF3F4025FFFB1A00823107 /* Frameworks */ = {
			isa = PBXFrameworksBuildPhase;
			buildActionMask = 2147483647;
			files = (
			);
			runOnlyForDeploymentPostprocessing = 0;
		};
		F3BF3F5125FFFB1D00823107 /* Frameworks */ = {
			isa = PBXFrameworksBuildPhase;
			buildActionMask = 2147483647;
			files = (
			);
			runOnlyForDeploymentPostprocessing = 0;
		};
		F3BF3F5C25FFFB1D00823107 /* Frameworks */ = {
			isa = PBXFrameworksBuildPhase;
			buildActionMask = 2147483647;
			files = (
			);
			runOnlyForDeploymentPostprocessing = 0;
		};
/* End PBXFrameworksBuildPhase section */

/* Begin PBXGroup section */
		F3BF3F1925FFFA9A00823107 = {
			isa = PBXGroup;
			children = (
				F3BF3F2525FFFA9A00823107 /* SystemMonitorStats */,
				F3BF3F3025FFFA9B00823107 /* SystemMonitorStatsTests */,
				F3BF3F4425FFFB1A00823107 /* SystemMonitorStatsExamples */,
				F3BF3F5725FFFB1D00823107 /* SystemMonitorStatsExamplesTests */,
				F3BF3F6225FFFB1D00823107 /* SystemMonitorStatsExamplesUITests */,
				F3BF3F2425FFFA9A00823107 /* Products */,
			);
			sourceTree = "<group>";
		};
		F3BF3F2425FFFA9A00823107 /* Products */ = {
			isa = PBXGroup;
			children = (
				F3BF3F2325FFFA9A00823107 /* SystemMonitorStats.framework */,
				F3BF3F2C25FFFA9B00823107 /* SystemMonitorStatsTests.xctest */,
				F3BF3F4325FFFB1A00823107 /* SystemMonitorStatsExamples.app */,
				F3BF3F5425FFFB1D00823107 /* SystemMonitorStatsExamplesTests.xctest */,
				F3BF3F5F25FFFB1D00823107 /* SystemMonitorStatsExamplesUITests.xctest */,
			);
			name = Products;
			sourceTree = "<group>";
		};
		F3BF3F2525FFFA9A00823107 /* SystemMonitorStats */ = {
			isa = PBXGroup;
			children = (
				F3BF3F7B25FFFDAF00823107 /* Stats */,
				F3BF3F2625FFFA9A00823107 /* SystemMonitorStats.h */,
				F3BF3F2725FFFA9A00823107 /* Info.plist */,
			);
			path = SystemMonitorStats;
			sourceTree = "<group>";
		};
		F3BF3F3025FFFA9B00823107 /* SystemMonitorStatsTests */ = {
			isa = PBXGroup;
			children = (
				F3BF3F3125FFFA9B00823107 /* SystemMonitorStatsTests.swift */,
				F3BF3F3325FFFA9B00823107 /* Info.plist */,
			);
			path = SystemMonitorStatsTests;
			sourceTree = "<group>";
		};
		F3BF3F4425FFFB1A00823107 /* SystemMonitorStatsExamples */ = {
			isa = PBXGroup;
			children = (
				F3BF3F4525FFFB1A00823107 /* AppDelegate.swift */,
				F3BF3F4725FFFB1A00823107 /* ViewController.swift */,
				F3BF3F4925FFFB1C00823107 /* Assets.xcassets */,
				F3BF3F4B25FFFB1C00823107 /* Main.storyboard */,
				F3BF3F4E25FFFB1C00823107 /* Info.plist */,
				F3BF3F4F25FFFB1C00823107 /* SystemMonitorStatsExamples.entitlements */,
			);
			path = SystemMonitorStatsExamples;
			sourceTree = "<group>";
		};
		F3BF3F5725FFFB1D00823107 /* SystemMonitorStatsExamplesTests */ = {
			isa = PBXGroup;
			children = (
				F3BF3F5825FFFB1D00823107 /* SystemMonitorStatsExamplesTests.swift */,
				F3BF3F5A25FFFB1D00823107 /* Info.plist */,
			);
			path = SystemMonitorStatsExamplesTests;
			sourceTree = "<group>";
		};
		F3BF3F6225FFFB1D00823107 /* SystemMonitorStatsExamplesUITests */ = {
			isa = PBXGroup;
			children = (
				F3BF3F6325FFFB1D00823107 /* SystemMonitorStatsExamplesUITests.swift */,
				F3BF3F6525FFFB1D00823107 /* Info.plist */,
			);
			path = SystemMonitorStatsExamplesUITests;
			sourceTree = "<group>";
		};
		F3BF3F7B25FFFDAF00823107 /* Stats */ = {
			isa = PBXGroup;
			children = (
				F3BF3F7425FFFD8200823107 /* SystemMonitorStats.swift */,
				F3BF3F9525FFFDE600823107 /* Utils */,
				F3BF3F7C25FFFDAF00823107 /* Sensors */,
				F3BF3F7F25FFFDAF00823107 /* NetworkStats.swift */,
				F3BF3F8025FFFDAF00823107 /* CPUStats.swift */,
				F3BF3F8125FFFDAF00823107 /* BatteryStats.swift */,
				F3BF3F8225FFFDAF00823107 /* GPUStats.swift */,
				F3BF3F8325FFFDAF00823107 /* Fans */,
				F3BF3F8625FFFDAF00823107 /* RAMStats.swift */,
			);
			path = Stats;
			sourceTree = "<group>";
		};
		F3BF3F7C25FFFDAF00823107 /* Sensors */ = {
			isa = PBXGroup;
			children = (
				F3BF3F7D25FFFDAF00823107 /* SensorsModel.swift */,
				F3BF3F7E25FFFDAF00823107 /* SensorsStats.swift */,
			);
			path = Sensors;
			sourceTree = "<group>";
		};
		F3BF3F8325FFFDAF00823107 /* Fans */ = {
			isa = PBXGroup;
			children = (
				F3BF3F8425FFFDAF00823107 /* FansStats.swift */,
				F3BF3F8525FFFDAF00823107 /* Fan.swift */,
			);
			path = Fans;
			sourceTree = "<group>";
		};
		F3BF3F9525FFFDE600823107 /* Utils */ = {
			isa = PBXGroup;
			children = (
				F3BF3F9625FFFDE600823107 /* Extensions.swift */,
				F3BF3F9725FFFDE600823107 /* ReaderFactory.swift */,
				F3BF3F9825FFFDE600823107 /* Helpres.swift */,
				F3BF3F9925FFFDE600823107 /* Store.swift */,
				F3BF3F9A25FFFDE600823107 /* SMCDataType.swift */,
			);
			path = Utils;
			sourceTree = "<group>";
		};
/* End PBXGroup section */

/* Begin PBXHeadersBuildPhase section */
		F3BF3F1E25FFFA9A00823107 /* Headers */ = {
			isa = PBXHeadersBuildPhase;
			buildActionMask = 2147483647;
			files = (
				F3BF3F3425FFFA9B00823107 /* SystemMonitorStats.h in Headers */,
			);
			runOnlyForDeploymentPostprocessing = 0;
		};
/* End PBXHeadersBuildPhase section */

/* Begin PBXNativeTarget section */
		F3BF3F2225FFFA9A00823107 /* SystemMonitorStats */ = {
			isa = PBXNativeTarget;
			buildConfigurationList = F3BF3F3725FFFA9B00823107 /* Build configuration list for PBXNativeTarget "SystemMonitorStats" */;
			buildPhases = (
				F3BF3F1E25FFFA9A00823107 /* Headers */,
				F3BF3F1F25FFFA9A00823107 /* Sources */,
				F3BF3F2025FFFA9A00823107 /* Frameworks */,
				F3BF3F2125FFFA9A00823107 /* Resources */,
			);
			buildRules = (
			);
			dependencies = (
			);
			name = SystemMonitorStats;
			productName = SystemMonitorStats;
			productReference = F3BF3F2325FFFA9A00823107 /* SystemMonitorStats.framework */;
			productType = "com.apple.product-type.framework";
		};
		F3BF3F2B25FFFA9B00823107 /* SystemMonitorStatsTests */ = {
			isa = PBXNativeTarget;
			buildConfigurationList = F3BF3F3A25FFFA9B00823107 /* Build configuration list for PBXNativeTarget "SystemMonitorStatsTests" */;
			buildPhases = (
				F3BF3F2825FFFA9B00823107 /* Sources */,
				F3BF3F2925FFFA9B00823107 /* Frameworks */,
				F3BF3F2A25FFFA9B00823107 /* Resources */,
			);
			buildRules = (
			);
			dependencies = (
				F3BF3F2F25FFFA9B00823107 /* PBXTargetDependency */,
			);
			name = SystemMonitorStatsTests;
			productName = SystemMonitorStatsTests;
			productReference = F3BF3F2C25FFFA9B00823107 /* SystemMonitorStatsTests.xctest */;
			productType = "com.apple.product-type.bundle.unit-test";
		};
		F3BF3F4225FFFB1A00823107 /* SystemMonitorStatsExamples */ = {
			isa = PBXNativeTarget;
			buildConfigurationList = F3BF3F6625FFFB1D00823107 /* Build configuration list for PBXNativeTarget "SystemMonitorStatsExamples" */;
			buildPhases = (
				F3BF3F3F25FFFB1A00823107 /* Sources */,
				F3BF3F4025FFFB1A00823107 /* Frameworks */,
				F3BF3F4125FFFB1A00823107 /* Resources */,
			);
			buildRules = (
			);
			dependencies = (
			);
			name = SystemMonitorStatsExamples;
			productName = SystemMonitorStatsExamples;
			productReference = F3BF3F4325FFFB1A00823107 /* SystemMonitorStatsExamples.app */;
			productType = "com.apple.product-type.application";
		};
		F3BF3F5325FFFB1D00823107 /* SystemMonitorStatsExamplesTests */ = {
			isa = PBXNativeTarget;
			buildConfigurationList = F3BF3F6925FFFB1D00823107 /* Build configuration list for PBXNativeTarget "SystemMonitorStatsExamplesTests" */;
			buildPhases = (
				F3BF3F5025FFFB1D00823107 /* Sources */,
				F3BF3F5125FFFB1D00823107 /* Frameworks */,
				F3BF3F5225FFFB1D00823107 /* Resources */,
			);
			buildRules = (
			);
			dependencies = (
				F3BF3F5625FFFB1D00823107 /* PBXTargetDependency */,
			);
			name = SystemMonitorStatsExamplesTests;
			productName = SystemMonitorStatsExamplesTests;
			productReference = F3BF3F5425FFFB1D00823107 /* SystemMonitorStatsExamplesTests.xctest */;
			productType = "com.apple.product-type.bundle.unit-test";
		};
		F3BF3F5E25FFFB1D00823107 /* SystemMonitorStatsExamplesUITests */ = {
			isa = PBXNativeTarget;
			buildConfigurationList = F3BF3F6C25FFFB1D00823107 /* Build configuration list for PBXNativeTarget "SystemMonitorStatsExamplesUITests" */;
			buildPhases = (
				F3BF3F5B25FFFB1D00823107 /* Sources */,
				F3BF3F5C25FFFB1D00823107 /* Frameworks */,
				F3BF3F5D25FFFB1D00823107 /* Resources */,
			);
			buildRules = (
			);
			dependencies = (
				F3BF3F6125FFFB1D00823107 /* PBXTargetDependency */,
			);
			name = SystemMonitorStatsExamplesUITests;
			productName = SystemMonitorStatsExamplesUITests;
			productReference = F3BF3F5F25FFFB1D00823107 /* SystemMonitorStatsExamplesUITests.xctest */;
			productType = "com.apple.product-type.bundle.ui-testing";
		};
/* End PBXNativeTarget section */

/* Begin PBXProject section */
		F3BF3F1A25FFFA9A00823107 /* Project object */ = {
			isa = PBXProject;
			attributes = {
				LastSwiftUpdateCheck = 1220;
				LastUpgradeCheck = 1220;
				TargetAttributes = {
					F3BF3F2225FFFA9A00823107 = {
						CreatedOnToolsVersion = 12.2;
						LastSwiftMigration = 1220;
					};
					F3BF3F2B25FFFA9B00823107 = {
						CreatedOnToolsVersion = 12.2;
					};
					F3BF3F4225FFFB1A00823107 = {
						CreatedOnToolsVersion = 12.2;
					};
					F3BF3F5325FFFB1D00823107 = {
						CreatedOnToolsVersion = 12.2;
						TestTargetID = F3BF3F4225FFFB1A00823107;
					};
					F3BF3F5E25FFFB1D00823107 = {
						CreatedOnToolsVersion = 12.2;
						TestTargetID = F3BF3F4225FFFB1A00823107;
					};
				};
			};
			buildConfigurationList = F3BF3F1D25FFFA9A00823107 /* Build configuration list for PBXProject "SystemMonitorStats" */;
			compatibilityVersion = "Xcode 9.3";
			developmentRegion = en;
			hasScannedForEncodings = 0;
			knownRegions = (
				en,
				Base,
			);
			mainGroup = F3BF3F1925FFFA9A00823107;
			productRefGroup = F3BF3F2425FFFA9A00823107 /* Products */;
			projectDirPath = "";
			projectRoot = "";
			targets = (
				F3BF3F2225FFFA9A00823107 /* SystemMonitorStats */,
				F3BF3F2B25FFFA9B00823107 /* SystemMonitorStatsTests */,
				F3BF3F4225FFFB1A00823107 /* SystemMonitorStatsExamples */,
				F3BF3F5325FFFB1D00823107 /* SystemMonitorStatsExamplesTests */,
				F3BF3F5E25FFFB1D00823107 /* SystemMonitorStatsExamplesUITests */,
			);
		};
/* End PBXProject section */

/* Begin PBXResourcesBuildPhase section */
		F3BF3F2125FFFA9A00823107 /* Resources */ = {
			isa = PBXResourcesBuildPhase;
			buildActionMask = 2147483647;
			files = (
			);
			runOnlyForDeploymentPostprocessing = 0;
		};
		F3BF3F2A25FFFA9B00823107 /* Resources */ = {
			isa = PBXResourcesBuildPhase;
			buildActionMask = 2147483647;
			files = (
			);
			runOnlyForDeploymentPostprocessing = 0;
		};
		F3BF3F4125FFFB1A00823107 /* Resources */ = {
			isa = PBXResourcesBuildPhase;
			buildActionMask = 2147483647;
			files = (
				F3BF3F4A25FFFB1C00823107 /* Assets.xcassets in Resources */,
				F3BF3F4D25FFFB1C00823107 /* Main.storyboard in Resources */,
			);
			runOnlyForDeploymentPostprocessing = 0;
		};
		F3BF3F5225FFFB1D00823107 /* Resources */ = {
			isa = PBXResourcesBuildPhase;
			buildActionMask = 2147483647;
			files = (
			);
			runOnlyForDeploymentPostprocessing = 0;
		};
		F3BF3F5D25FFFB1D00823107 /* Resources */ = {
			isa = PBXResourcesBuildPhase;
			buildActionMask = 2147483647;
			files = (
			);
			runOnlyForDeploymentPostprocessing = 0;
		};
/* End PBXResourcesBuildPhase section */

/* Begin PBXSourcesBuildPhase section */
		F3BF3F1F25FFFA9A00823107 /* Sources */ = {
			isa = PBXSourcesBuildPhase;
			buildActionMask = 2147483647;
			files = (
				F3BF3F8C25FFFDAF00823107 /* GPUStats.swift in Sources */,
				F3BF3F8E25FFFDAF00823107 /* Fan.swift in Sources */,
				F3BF3F8F25FFFDAF00823107 /* RAMStats.swift in Sources */,
				F3BF3F8D25FFFDAF00823107 /* FansStats.swift in Sources */,
				F3BF3F7525FFFD8200823107 /* SystemMonitorStats.swift in Sources */,
				F3BF3F9C25FFFDE600823107 /* ReaderFactory.swift in Sources */,
				F3BF3F8825FFFDAF00823107 /* SensorsStats.swift in Sources */,
				F3BF3F9E25FFFDE600823107 /* Store.swift in Sources */,
				F3BF3F9F25FFFDE600823107 /* SMCDataType.swift in Sources */,
				F3BF3F8925FFFDAF00823107 /* NetworkStats.swift in Sources */,
				F3BF3F8A25FFFDAF00823107 /* CPUStats.swift in Sources */,
				F3BF3F8725FFFDAF00823107 /* SensorsModel.swift in Sources */,
				F3BF3F9B25FFFDE600823107 /* Extensions.swift in Sources */,
				F3BF3F9D25FFFDE600823107 /* Helpres.swift in Sources */,
				F3BF3F8B25FFFDAF00823107 /* BatteryStats.swift in Sources */,
			);
			runOnlyForDeploymentPostprocessing = 0;
		};
		F3BF3F2825FFFA9B00823107 /* Sources */ = {
			isa = PBXSourcesBuildPhase;
			buildActionMask = 2147483647;
			files = (
				F3BF3F3225FFFA9B00823107 /* SystemMonitorStatsTests.swift in Sources */,
			);
			runOnlyForDeploymentPostprocessing = 0;
		};
		F3BF3F3F25FFFB1A00823107 /* Sources */ = {
			isa = PBXSourcesBuildPhase;
			buildActionMask = 2147483647;
			files = (
				F3BF3F4825FFFB1A00823107 /* ViewController.swift in Sources */,
				F3BF3F4625FFFB1A00823107 /* AppDelegate.swift in Sources */,
			);
			runOnlyForDeploymentPostprocessing = 0;
		};
		F3BF3F5025FFFB1D00823107 /* Sources */ = {
			isa = PBXSourcesBuildPhase;
			buildActionMask = 2147483647;
			files = (
				F3BF3F5925FFFB1D00823107 /* SystemMonitorStatsExamplesTests.swift in Sources */,
			);
			runOnlyForDeploymentPostprocessing = 0;
		};
		F3BF3F5B25FFFB1D00823107 /* Sources */ = {
			isa = PBXSourcesBuildPhase;
			buildActionMask = 2147483647;
			files = (
				F3BF3F6425FFFB1D00823107 /* SystemMonitorStatsExamplesUITests.swift in Sources */,
			);
			runOnlyForDeploymentPostprocessing = 0;
		};
/* End PBXSourcesBuildPhase section */

/* Begin PBXTargetDependency section */
		F3BF3F2F25FFFA9B00823107 /* PBXTargetDependency */ = {
			isa = PBXTargetDependency;
			target = F3BF3F2225FFFA9A00823107 /* SystemMonitorStats */;
			targetProxy = F3BF3F2E25FFFA9B00823107 /* PBXContainerItemProxy */;
		};
		F3BF3F5625FFFB1D00823107 /* PBXTargetDependency */ = {
			isa = PBXTargetDependency;
			target = F3BF3F4225FFFB1A00823107 /* SystemMonitorStatsExamples */;
			targetProxy = F3BF3F5525FFFB1D00823107 /* PBXContainerItemProxy */;
		};
		F3BF3F6125FFFB1D00823107 /* PBXTargetDependency */ = {
			isa = PBXTargetDependency;
			target = F3BF3F4225FFFB1A00823107 /* SystemMonitorStatsExamples */;
			targetProxy = F3BF3F6025FFFB1D00823107 /* PBXContainerItemProxy */;
		};
/* End PBXTargetDependency section */

/* Begin PBXVariantGroup section */
		F3BF3F4B25FFFB1C00823107 /* Main.storyboard */ = {
			isa = PBXVariantGroup;
			children = (
				F3BF3F4C25FFFB1C00823107 /* Base */,
			);
			name = Main.storyboard;
			sourceTree = "<group>";
		};
/* End PBXVariantGroup section */

/* Begin XCBuildConfiguration section */
		F3BF3F3525FFFA9B00823107 /* Debug */ = {
			isa = XCBuildConfiguration;
			buildSettings = {
				ALWAYS_SEARCH_USER_PATHS = NO;
				CLANG_ANALYZER_NONNULL = YES;
				CLANG_ANALYZER_NUMBER_OBJECT_CONVERSION = YES_AGGRESSIVE;
				CLANG_CXX_LANGUAGE_STANDARD = "gnu++14";
				CLANG_CXX_LIBRARY = "libc++";
				CLANG_ENABLE_MODULES = YES;
				CLANG_ENABLE_OBJC_ARC = YES;
				CLANG_ENABLE_OBJC_WEAK = YES;
				CLANG_WARN_BLOCK_CAPTURE_AUTORELEASING = YES;
				CLANG_WARN_BOOL_CONVERSION = YES;
				CLANG_WARN_COMMA = YES;
				CLANG_WARN_CONSTANT_CONVERSION = YES;
				CLANG_WARN_DEPRECATED_OBJC_IMPLEMENTATIONS = YES;
				CLANG_WARN_DIRECT_OBJC_ISA_USAGE = YES_ERROR;
				CLANG_WARN_DOCUMENTATION_COMMENTS = YES;
				CLANG_WARN_EMPTY_BODY = YES;
				CLANG_WARN_ENUM_CONVERSION = YES;
				CLANG_WARN_INFINITE_RECURSION = YES;
				CLANG_WARN_INT_CONVERSION = YES;
				CLANG_WARN_NON_LITERAL_NULL_CONVERSION = YES;
				CLANG_WARN_OBJC_IMPLICIT_RETAIN_SELF = YES;
				CLANG_WARN_OBJC_LITERAL_CONVERSION = YES;
				CLANG_WARN_OBJC_ROOT_CLASS = YES_ERROR;
				CLANG_WARN_QUOTED_INCLUDE_IN_FRAMEWORK_HEADER = YES;
				CLANG_WARN_RANGE_LOOP_ANALYSIS = YES;
				CLANG_WARN_STRICT_PROTOTYPES = YES;
				CLANG_WARN_SUSPICIOUS_MOVE = YES;
				CLANG_WARN_UNGUARDED_AVAILABILITY = YES_AGGRESSIVE;
				CLANG_WARN_UNREACHABLE_CODE = YES;
				CLANG_WARN__DUPLICATE_METHOD_MATCH = YES;
				COPY_PHASE_STRIP = NO;
				CURRENT_PROJECT_VERSION = 1;
				DEBUG_INFORMATION_FORMAT = dwarf;
				ENABLE_STRICT_OBJC_MSGSEND = YES;
				ENABLE_TESTABILITY = YES;
				GCC_C_LANGUAGE_STANDARD = gnu11;
				GCC_DYNAMIC_NO_PIC = NO;
				GCC_NO_COMMON_BLOCKS = YES;
				GCC_OPTIMIZATION_LEVEL = 0;
				GCC_PREPROCESSOR_DEFINITIONS = (
					"DEBUG=1",
					"$(inherited)",
				);
				GCC_WARN_64_TO_32_BIT_CONVERSION = YES;
				GCC_WARN_ABOUT_RETURN_TYPE = YES_ERROR;
				GCC_WARN_UNDECLARED_SELECTOR = YES;
				GCC_WARN_UNINITIALIZED_AUTOS = YES_AGGRESSIVE;
				GCC_WARN_UNUSED_FUNCTION = YES;
				GCC_WARN_UNUSED_VARIABLE = YES;
				MACOSX_DEPLOYMENT_TARGET = 10.13;
				MTL_ENABLE_DEBUG_INFO = INCLUDE_SOURCE;
				MTL_FAST_MATH = YES;
				ONLY_ACTIVE_ARCH = YES;
				SDKROOT = macosx;
				SWIFT_ACTIVE_COMPILATION_CONDITIONS = DEBUG;
				SWIFT_OPTIMIZATION_LEVEL = "-Onone";
				VERSIONING_SYSTEM = "apple-generic";
				VERSION_INFO_PREFIX = "";
			};
			name = Debug;
		};
		F3BF3F3625FFFA9B00823107 /* Release */ = {
			isa = XCBuildConfiguration;
			buildSettings = {
				ALWAYS_SEARCH_USER_PATHS = NO;
				CLANG_ANALYZER_NONNULL = YES;
				CLANG_ANALYZER_NUMBER_OBJECT_CONVERSION = YES_AGGRESSIVE;
				CLANG_CXX_LANGUAGE_STANDARD = "gnu++14";
				CLANG_CXX_LIBRARY = "libc++";
				CLANG_ENABLE_MODULES = YES;
				CLANG_ENABLE_OBJC_ARC = YES;
				CLANG_ENABLE_OBJC_WEAK = YES;
				CLANG_WARN_BLOCK_CAPTURE_AUTORELEASING = YES;
				CLANG_WARN_BOOL_CONVERSION = YES;
				CLANG_WARN_COMMA = YES;
				CLANG_WARN_CONSTANT_CONVERSION = YES;
				CLANG_WARN_DEPRECATED_OBJC_IMPLEMENTATIONS = YES;
				CLANG_WARN_DIRECT_OBJC_ISA_USAGE = YES_ERROR;
				CLANG_WARN_DOCUMENTATION_COMMENTS = YES;
				CLANG_WARN_EMPTY_BODY = YES;
				CLANG_WARN_ENUM_CONVERSION = YES;
				CLANG_WARN_INFINITE_RECURSION = YES;
				CLANG_WARN_INT_CONVERSION = YES;
				CLANG_WARN_NON_LITERAL_NULL_CONVERSION = YES;
				CLANG_WARN_OBJC_IMPLICIT_RETAIN_SELF = YES;
				CLANG_WARN_OBJC_LITERAL_CONVERSION = YES;
				CLANG_WARN_OBJC_ROOT_CLASS = YES_ERROR;
				CLANG_WARN_QUOTED_INCLUDE_IN_FRAMEWORK_HEADER = YES;
				CLANG_WARN_RANGE_LOOP_ANALYSIS = YES;
				CLANG_WARN_STRICT_PROTOTYPES = YES;
				CLANG_WARN_SUSPICIOUS_MOVE = YES;
				CLANG_WARN_UNGUARDED_AVAILABILITY = YES_AGGRESSIVE;
				CLANG_WARN_UNREACHABLE_CODE = YES;
				CLANG_WARN__DUPLICATE_METHOD_MATCH = YES;
				COPY_PHASE_STRIP = NO;
				CURRENT_PROJECT_VERSION = 1;
				DEBUG_INFORMATION_FORMAT = "dwarf-with-dsym";
				ENABLE_NS_ASSERTIONS = NO;
				ENABLE_STRICT_OBJC_MSGSEND = YES;
				GCC_C_LANGUAGE_STANDARD = gnu11;
				GCC_NO_COMMON_BLOCKS = YES;
				GCC_WARN_64_TO_32_BIT_CONVERSION = YES;
				GCC_WARN_ABOUT_RETURN_TYPE = YES_ERROR;
				GCC_WARN_UNDECLARED_SELECTOR = YES;
				GCC_WARN_UNINITIALIZED_AUTOS = YES_AGGRESSIVE;
				GCC_WARN_UNUSED_FUNCTION = YES;
				GCC_WARN_UNUSED_VARIABLE = YES;
				MACOSX_DEPLOYMENT_TARGET = 10.13;
				MTL_ENABLE_DEBUG_INFO = NO;
				MTL_FAST_MATH = YES;
				SDKROOT = macosx;
				SWIFT_COMPILATION_MODE = wholemodule;
				SWIFT_OPTIMIZATION_LEVEL = "-O";
				VERSIONING_SYSTEM = "apple-generic";
				VERSION_INFO_PREFIX = "";
			};
			name = Release;
		};
		F3BF3F3825FFFA9B00823107 /* Debug */ = {
			isa = XCBuildConfiguration;
			buildSettings = {
				CLANG_ENABLE_MODULES = YES;
				CODE_SIGN_STYLE = Automatic;
				COMBINE_HIDPI_IMAGES = YES;
				DEFINES_MODULE = YES;
				DYLIB_COMPATIBILITY_VERSION = 1;
				DYLIB_CURRENT_VERSION = 1;
				DYLIB_INSTALL_NAME_BASE = "@rpath";
				INFOPLIST_FILE = SystemMonitorStats/Info.plist;
				INSTALL_PATH = "$(LOCAL_LIBRARY_DIR)/Frameworks";
				LD_RUNPATH_SEARCH_PATHS = (
					"$(inherited)",
					"@executable_path/../Frameworks",
					"@loader_path/Frameworks",
				);
				PRODUCT_BUNDLE_IDENTIFIER = com.IvanAbramov.SystemMonitorStats;
				PRODUCT_NAME = "$(TARGET_NAME:c99extidentifier)";
				SKIP_INSTALL = YES;
				SWIFT_OPTIMIZATION_LEVEL = "-Onone";
				SWIFT_VERSION = 5.0;
			};
			name = Debug;
		};
		F3BF3F3925FFFA9B00823107 /* Release */ = {
			isa = XCBuildConfiguration;
			buildSettings = {
				CLANG_ENABLE_MODULES = YES;
				CODE_SIGN_STYLE = Automatic;
				COMBINE_HIDPI_IMAGES = YES;
				DEFINES_MODULE = YES;
				DYLIB_COMPATIBILITY_VERSION = 1;
				DYLIB_CURRENT_VERSION = 1;
				DYLIB_INSTALL_NAME_BASE = "@rpath";
				INFOPLIST_FILE = SystemMonitorStats/Info.plist;
				INSTALL_PATH = "$(LOCAL_LIBRARY_DIR)/Frameworks";
				LD_RUNPATH_SEARCH_PATHS = (
					"$(inherited)",
					"@executable_path/../Frameworks",
					"@loader_path/Frameworks",
				);
				PRODUCT_BUNDLE_IDENTIFIER = com.IvanAbramov.SystemMonitorStats;
				PRODUCT_NAME = "$(TARGET_NAME:c99extidentifier)";
				SKIP_INSTALL = YES;
				SWIFT_VERSION = 5.0;
			};
			name = Release;
		};
		F3BF3F3B25FFFA9B00823107 /* Debug */ = {
			isa = XCBuildConfiguration;
			buildSettings = {
				ALWAYS_EMBED_SWIFT_STANDARD_LIBRARIES = YES;
				CODE_SIGN_STYLE = Automatic;
				COMBINE_HIDPI_IMAGES = YES;
				INFOPLIST_FILE = SystemMonitorStatsTests/Info.plist;
				LD_RUNPATH_SEARCH_PATHS = (
					"$(inherited)",
					"@executable_path/../Frameworks",
					"@loader_path/../Frameworks",
				);
				PRODUCT_BUNDLE_IDENTIFIER = com.IvanAbramov.SystemMonitorStatsTests;
				PRODUCT_NAME = "$(TARGET_NAME)";
				SWIFT_VERSION = 5.0;
			};
			name = Debug;
		};
		F3BF3F3C25FFFA9B00823107 /* Release */ = {
			isa = XCBuildConfiguration;
			buildSettings = {
				ALWAYS_EMBED_SWIFT_STANDARD_LIBRARIES = YES;
				CODE_SIGN_STYLE = Automatic;
				COMBINE_HIDPI_IMAGES = YES;
				INFOPLIST_FILE = SystemMonitorStatsTests/Info.plist;
				LD_RUNPATH_SEARCH_PATHS = (
					"$(inherited)",
					"@executable_path/../Frameworks",
					"@loader_path/../Frameworks",
				);
				PRODUCT_BUNDLE_IDENTIFIER = com.IvanAbramov.SystemMonitorStatsTests;
				PRODUCT_NAME = "$(TARGET_NAME)";
				SWIFT_VERSION = 5.0;
			};
			name = Release;
		};
		F3BF3F6725FFFB1D00823107 /* Debug */ = {
			isa = XCBuildConfiguration;
			buildSettings = {
				ASSETCATALOG_COMPILER_APPICON_NAME = AppIcon;
				ASSETCATALOG_COMPILER_GLOBAL_ACCENT_COLOR_NAME = AccentColor;
				CODE_SIGN_ENTITLEMENTS = SystemMonitorStatsExamples/SystemMonitorStatsExamples.entitlements;
				CODE_SIGN_STYLE = Automatic;
				COMBINE_HIDPI_IMAGES = YES;
				INFOPLIST_FILE = SystemMonitorStatsExamples/Info.plist;
				LD_RUNPATH_SEARCH_PATHS = (
					"$(inherited)",
					"@executable_path/../Frameworks",
				);
				PRODUCT_BUNDLE_IDENTIFIER = com.IvanAbramov.SystemMonitorStatsExamples;
				PRODUCT_NAME = "$(TARGET_NAME)";
				SWIFT_VERSION = 5.0;
			};
			name = Debug;
		};
		F3BF3F6825FFFB1D00823107 /* Release */ = {
			isa = XCBuildConfiguration;
			buildSettings = {
				ASSETCATALOG_COMPILER_APPICON_NAME = AppIcon;
				ASSETCATALOG_COMPILER_GLOBAL_ACCENT_COLOR_NAME = AccentColor;
				CODE_SIGN_ENTITLEMENTS = SystemMonitorStatsExamples/SystemMonitorStatsExamples.entitlements;
				CODE_SIGN_STYLE = Automatic;
				COMBINE_HIDPI_IMAGES = YES;
				INFOPLIST_FILE = SystemMonitorStatsExamples/Info.plist;
				LD_RUNPATH_SEARCH_PATHS = (
					"$(inherited)",
					"@executable_path/../Frameworks",
				);
				PRODUCT_BUNDLE_IDENTIFIER = com.IvanAbramov.SystemMonitorStatsExamples;
				PRODUCT_NAME = "$(TARGET_NAME)";
				SWIFT_VERSION = 5.0;
			};
			name = Release;
		};
		F3BF3F6A25FFFB1D00823107 /* Debug */ = {
			isa = XCBuildConfiguration;
			buildSettings = {
				ALWAYS_EMBED_SWIFT_STANDARD_LIBRARIES = YES;
				BUNDLE_LOADER = "$(TEST_HOST)";
				CODE_SIGN_STYLE = Automatic;
				COMBINE_HIDPI_IMAGES = YES;
				INFOPLIST_FILE = SystemMonitorStatsExamplesTests/Info.plist;
				LD_RUNPATH_SEARCH_PATHS = (
					"$(inherited)",
					"@executable_path/../Frameworks",
					"@loader_path/../Frameworks",
				);
				MACOSX_DEPLOYMENT_TARGET = 11.0;
				PRODUCT_BUNDLE_IDENTIFIER = com.IvanAbramov.SystemMonitorStatsExamplesTests;
				PRODUCT_NAME = "$(TARGET_NAME)";
				SWIFT_VERSION = 5.0;
				TEST_HOST = "$(BUILT_PRODUCTS_DIR)/SystemMonitorStatsExamples.app/Contents/MacOS/SystemMonitorStatsExamples";
			};
			name = Debug;
		};
		F3BF3F6B25FFFB1D00823107 /* Release */ = {
			isa = XCBuildConfiguration;
			buildSettings = {
				ALWAYS_EMBED_SWIFT_STANDARD_LIBRARIES = YES;
				BUNDLE_LOADER = "$(TEST_HOST)";
				CODE_SIGN_STYLE = Automatic;
				COMBINE_HIDPI_IMAGES = YES;
				INFOPLIST_FILE = SystemMonitorStatsExamplesTests/Info.plist;
				LD_RUNPATH_SEARCH_PATHS = (
					"$(inherited)",
					"@executable_path/../Frameworks",
					"@loader_path/../Frameworks",
				);
				MACOSX_DEPLOYMENT_TARGET = 11.0;
				PRODUCT_BUNDLE_IDENTIFIER = com.IvanAbramov.SystemMonitorStatsExamplesTests;
				PRODUCT_NAME = "$(TARGET_NAME)";
				SWIFT_VERSION = 5.0;
				TEST_HOST = "$(BUILT_PRODUCTS_DIR)/SystemMonitorStatsExamples.app/Contents/MacOS/SystemMonitorStatsExamples";
			};
			name = Release;
		};
		F3BF3F6D25FFFB1D00823107 /* Debug */ = {
			isa = XCBuildConfiguration;
			buildSettings = {
				ALWAYS_EMBED_SWIFT_STANDARD_LIBRARIES = YES;
				CODE_SIGN_STYLE = Automatic;
				COMBINE_HIDPI_IMAGES = YES;
				INFOPLIST_FILE = SystemMonitorStatsExamplesUITests/Info.plist;
				LD_RUNPATH_SEARCH_PATHS = (
					"$(inherited)",
					"@executable_path/../Frameworks",
					"@loader_path/../Frameworks",
				);
				PRODUCT_BUNDLE_IDENTIFIER = com.IvanAbramov.SystemMonitorStatsExamplesUITests;
				PRODUCT_NAME = "$(TARGET_NAME)";
				SWIFT_VERSION = 5.0;
				TEST_TARGET_NAME = SystemMonitorStatsExamples;
			};
			name = Debug;
		};
		F3BF3F6E25FFFB1D00823107 /* Release */ = {
			isa = XCBuildConfiguration;
			buildSettings = {
				ALWAYS_EMBED_SWIFT_STANDARD_LIBRARIES = YES;
				CODE_SIGN_STYLE = Automatic;
				COMBINE_HIDPI_IMAGES = YES;
				INFOPLIST_FILE = SystemMonitorStatsExamplesUITests/Info.plist;
				LD_RUNPATH_SEARCH_PATHS = (
					"$(inherited)",
					"@executable_path/../Frameworks",
					"@loader_path/../Frameworks",
				);
				PRODUCT_BUNDLE_IDENTIFIER = com.IvanAbramov.SystemMonitorStatsExamplesUITests;
				PRODUCT_NAME = "$(TARGET_NAME)";
				SWIFT_VERSION = 5.0;
				TEST_TARGET_NAME = SystemMonitorStatsExamples;
			};
			name = Release;
		};
/* End XCBuildConfiguration section */

/* Begin XCConfigurationList section */
		F3BF3F1D25FFFA9A00823107 /* Build configuration list for PBXProject "SystemMonitorStats" */ = {
			isa = XCConfigurationList;
			buildConfigurations = (
				F3BF3F3525FFFA9B00823107 /* Debug */,
				F3BF3F3625FFFA9B00823107 /* Release */,
			);
			defaultConfigurationIsVisible = 0;
			defaultConfigurationName = Release;
		};
		F3BF3F3725FFFA9B00823107 /* Build configuration list for PBXNativeTarget "SystemMonitorStats" */ = {
			isa = XCConfigurationList;
			buildConfigurations = (
				F3BF3F3825FFFA9B00823107 /* Debug */,
				F3BF3F3925FFFA9B00823107 /* Release */,
			);
			defaultConfigurationIsVisible = 0;
			defaultConfigurationName = Release;
		};
		F3BF3F3A25FFFA9B00823107 /* Build configuration list for PBXNativeTarget "SystemMonitorStatsTests" */ = {
			isa = XCConfigurationList;
			buildConfigurations = (
				F3BF3F3B25FFFA9B00823107 /* Debug */,
				F3BF3F3C25FFFA9B00823107 /* Release */,
			);
			defaultConfigurationIsVisible = 0;
			defaultConfigurationName = Release;
		};
		F3BF3F6625FFFB1D00823107 /* Build configuration list for PBXNativeTarget "SystemMonitorStatsExamples" */ = {
			isa = XCConfigurationList;
			buildConfigurations = (
				F3BF3F6725FFFB1D00823107 /* Debug */,
				F3BF3F6825FFFB1D00823107 /* Release */,
			);
			defaultConfigurationIsVisible = 0;
			defaultConfigurationName = Release;
		};
		F3BF3F6925FFFB1D00823107 /* Build configuration list for PBXNativeTarget "SystemMonitorStatsExamplesTests" */ = {
			isa = XCConfigurationList;
			buildConfigurations = (
				F3BF3F6A25FFFB1D00823107 /* Debug */,
				F3BF3F6B25FFFB1D00823107 /* Release */,
			);
			defaultConfigurationIsVisible = 0;
			defaultConfigurationName = Release;
		};
		F3BF3F6C25FFFB1D00823107 /* Build configuration list for PBXNativeTarget "SystemMonitorStatsExamplesUITests" */ = {
			isa = XCConfigurationList;
			buildConfigurations = (
				F3BF3F6D25FFFB1D00823107 /* Debug */,
				F3BF3F6E25FFFB1D00823107 /* Release */,
			);
			defaultConfigurationIsVisible = 0;
			defaultConfigurationName = Release;
		};
/* End XCConfigurationList section */
	};
	rootObject = F3BF3F1A25FFFA9A00823107 /* Project object */;
}
